// !$*UTF8*$!
{
	archiveVersion = 1;
	classes = {
	};
	objectVersion = 46;
	objects = {

/* Begin PBXBuildFile section */
		5256B76E1E806B3500EC98DF /* Post.swift in Sources */ = {isa = PBXBuildFile; fileRef = 5256B76D1E806B3500EC98DF /* Post.swift */; };
		5256B7701E80730200EC98DF /* PostCell.swift in Sources */ = {isa = PBXBuildFile; fileRef = 5256B76F1E80730200EC98DF /* PostCell.swift */; };
		5256B7741E80D8C500EC98DF /* NewsfeedCollectionViewController.swift in Sources */ = {isa = PBXBuildFile; fileRef = 5256B7731E80D8C500EC98DF /* NewsfeedCollectionViewController.swift */; };
		52F7B6241E8062D500735A46 /* AppDelegate.swift in Sources */ = {isa = PBXBuildFile; fileRef = 52F7B6231E8062D500735A46 /* AppDelegate.swift */; };
		52F7B6291E8062D500735A46 /* Main.storyboard in Resources */ = {isa = PBXBuildFile; fileRef = 52F7B6271E8062D500735A46 /* Main.storyboard */; };
		52F7B62B1E8062D500735A46 /* Assets.xcassets in Resources */ = {isa = PBXBuildFile; fileRef = 52F7B62A1E8062D500735A46 /* Assets.xcassets */; };
		52F7B62E1E8062D500735A46 /* LaunchScreen.storyboard in Resources */ = {isa = PBXBuildFile; fileRef = 52F7B62C1E8062D500735A46 /* LaunchScreen.storyboard */; };
/* End PBXBuildFile section */

/* Begin PBXFileReference section */
		5256B76D1E806B3500EC98DF /* Post.swift */ = {isa = PBXFileReference; fileEncoding = 4; lastKnownFileType = sourcecode.swift; path = Post.swift; sourceTree = "<group>"; };
		5256B76F1E80730200EC98DF /* PostCell.swift */ = {isa = PBXFileReference; fileEncoding = 4; lastKnownFileType = sourcecode.swift; path = PostCell.swift; sourceTree = "<group>"; };
		5256B7731E80D8C500EC98DF /* NewsfeedCollectionViewController.swift */ = {isa = PBXFileReference; fileEncoding = 4; lastKnownFileType = sourcecode.swift; path = NewsfeedCollectionViewController.swift; sourceTree = "<group>"; };
		52F7B6201E8062D500735A46 /* Pinterest.app */ = {isa = PBXFileReference; explicitFileType = wrapper.application; includeInIndex = 0; path = Pinterest.app; sourceTree = BUILT_PRODUCTS_DIR; };
		52F7B6231E8062D500735A46 /* AppDelegate.swift */ = {isa = PBXFileReference; lastKnownFileType = sourcecode.swift; path = AppDelegate.swift; sourceTree = "<group>"; };
		52F7B6281E8062D500735A46 /* Base */ = {isa = PBXFileReference; lastKnownFileType = file.storyboard; name = Base; path = Base.lproj/Main.storyboard; sourceTree = "<group>"; };
		52F7B62A1E8062D500735A46 /* Assets.xcassets */ = {isa = PBXFileReference; lastKnownFileType = folder.assetcatalog; path = Assets.xcassets; sourceTree = "<group>"; };
		52F7B62D1E8062D500735A46 /* Base */ = {isa = PBXFileReference; lastKnownFileType = file.storyboard; name = Base; path = Base.lproj/LaunchScreen.storyboard; sourceTree = "<group>"; };
		52F7B62F1E8062D500735A46 /* Info.plist */ = {isa = PBXFileReference; lastKnownFileType = text.plist.xml; path = Info.plist; sourceTree = "<group>"; };
/* End PBXFileReference section */

/* Begin PBXFrameworksBuildPhase section */
		52F7B61D1E8062D500735A46 /* Frameworks */ = {
			isa = PBXFrameworksBuildPhase;
			buildActionMask = 2147483647;
			files = (
			);
			runOnlyForDeploymentPostprocessing = 0;
		};
/* End PBXFrameworksBuildPhase section */

/* Begin PBXGroup section */
		52071B9E1E8B392700896E99 /* Views */ = {
			isa = PBXGroup;
			children = (
				52F7B6271E8062D500735A46 /* Main.storyboard */,
				5256B76F1E80730200EC98DF /* PostCell.swift */,
			);
			name = Views;
			sourceTree = "<group>";
		};
		52071B9F1E8B393100896E99 /* Controllers */ = {
			isa = PBXGroup;
			children = (
				5256B7731E80D8C500EC98DF /* NewsfeedCollectionViewController.swift */,
			);
			name = Controllers;
			sourceTree = "<group>";
		};
		52071BA01E8B394300896E99 /* Model */ = {
			isa = PBXGroup;
			children = (
				5256B76D1E806B3500EC98DF /* Post.swift */,
			);
			name = Model;
			sourceTree = "<group>";
		};
		52F7B6171E8062D500735A46 = {
			isa = PBXGroup;
			children = (
				52F7B6221E8062D500735A46 /* Facebook+Research */,
				52F7B6211E8062D500735A46 /* Products */,
			);
			sourceTree = "<group>";
		};
		52F7B6211E8062D500735A46 /* Products */ = {
			isa = PBXGroup;
			children = (
				52F7B6201E8062D500735A46 /* Pinterest.app */,
			);
			name = Products;
			sourceTree = "<group>";
		};
		52F7B6221E8062D500735A46 /* Facebook+Research */ = {
			isa = PBXGroup;
			children = (
				52F7B6231E8062D500735A46 /* AppDelegate.swift */,
				52071B9F1E8B393100896E99 /* Controllers */,
				52071B9E1E8B392700896E99 /* Views */,
				52071BA01E8B394300896E99 /* Model */,
				52F7B62A1E8062D500735A46 /* Assets.xcassets */,
				52F7B62C1E8062D500735A46 /* LaunchScreen.storyboard */,
				52F7B62F1E8062D500735A46 /* Info.plist */,
			);
			path = "Facebook+Research";
			sourceTree = "<group>";
		};
/* End PBXGroup section */

/* Begin PBXNativeTarget section */
		52F7B61F1E8062D500735A46 /* Pinterest */ = {
			isa = PBXNativeTarget;
			buildConfigurationList = 52F7B6321E8062D500735A46 /* Build configuration list for PBXNativeTarget "Pinterest" */;
			buildPhases = (
				52F7B61C1E8062D500735A46 /* Sources */,
				52F7B61D1E8062D500735A46 /* Frameworks */,
				52F7B61E1E8062D500735A46 /* Resources */,
			);
			buildRules = (
			);
			dependencies = (
			);
			name = Pinterest;
			productName = "Facebook+Research";
			productReference = 52F7B6201E8062D500735A46 /* Pinterest.app */;
			productType = "com.apple.product-type.application";
		};
/* End PBXNativeTarget section */

/* Begin PBXProject section */
		52F7B6181E8062D500735A46 /* Project object */ = {
			isa = PBXProject;
			attributes = {
				LastSwiftUpdateCheck = 0820;
				LastUpgradeCheck = 0820;
				ORGANIZATIONNAME = "Developers Academy";
				TargetAttributes = {
					52F7B61F1E8062D500735A46 = {
						CreatedOnToolsVersion = 8.2.1;
						DevelopmentTeam = 593ZXM85A3;
						ProvisioningStyle = Automatic;
					};
				};
			};
			buildConfigurationList = 52F7B61B1E8062D500735A46 /* Build configuration list for PBXProject "Pinterest" */;
			compatibilityVersion = "Xcode 3.2";
			developmentRegion = English;
			hasScannedForEncodings = 0;
			knownRegions = (
				English,
				en,
				Base,
			);
			mainGroup = 52F7B6171E8062D500735A46;
			productRefGroup = 52F7B6211E8062D500735A46 /* Products */;
			projectDirPath = "";
			projectRoot = "";
			targets = (
				52F7B61F1E8062D500735A46 /* Pinterest */,
			);
		};
/* End PBXProject section */

/* Begin PBXResourcesBuildPhase section */
		52F7B61E1E8062D500735A46 /* Resources */ = {
			isa = PBXResourcesBuildPhase;
			buildActionMask = 2147483647;
			files = (
				52F7B62E1E8062D500735A46 /* LaunchScreen.storyboard in Resources */,
				52F7B62B1E8062D500735A46 /* Assets.xcassets in Resources */,
				52F7B6291E8062D500735A46 /* Main.storyboard in Resources */,
			);
			runOnlyForDeploymentPostprocessing = 0;
		};
/* End PBXResourcesBuildPhase section */

/* Begin PBXSourcesBuildPhase section */
		52F7B61C1E8062D500735A46 /* Sources */ = {
			isa = PBXSourcesBuildPhase;
			buildActionMask = 2147483647;
			files = (
				52F7B6241E8062D500735A46 /* AppDelegate.swift in Sources */,
				5256B76E1E806B3500EC98DF /* Post.swift in Sources */,
				5256B7741E80D8C500EC98DF /* NewsfeedCollectionViewController.swift in Sources */,
				5256B7701E80730200EC98DF /* PostCell.swift in Sources */,
			);
			runOnlyForDeploymentPostprocessing = 0;
		};
/* End PBXSourcesBuildPhase section */

/* Begin PBXVariantGroup section */
		52F7B6271E8062D500735A46 /* Main.storyboard */ = {
			isa = PBXVariantGroup;
			children = (
				52F7B6281E8062D500735A46 /* Base */,
			);
			name = Main.storyboard;
			sourceTree = "<group>";
		};
		52F7B62C1E8062D500735A46 /* LaunchScreen.storyboard */ = {
			isa = PBXVariantGroup;
			children = (
				52F7B62D1E8062D500735A46 /* Base */,
			);
			name = LaunchScreen.storyboard;
			sourceTree = "<group>";
		};
/* End PBXVariantGroup section */

/* Begin XCBuildConfiguration section */
		52F7B6301E8062D500735A46 /* Debug */ = {
			isa = XCBuildConfiguration;
			buildSettings = {
				ALWAYS_SEARCH_USER_PATHS = NO;
				CLANG_ANALYZER_NONNULL = YES;
				CLANG_CXX_LANGUAGE_STANDARD = "gnu++0x";
				CLANG_CXX_LIBRARY = "libc++";
				CLANG_ENABLE_MODULES = YES;
				CLANG_ENABLE_OBJC_ARC = YES;
				CLANG_WARN_BOOL_CONVERSION = YES;
				CLANG_WARN_CONSTANT_CONVERSION = YES;
				CLANG_WARN_DIRECT_OBJC_ISA_USAGE = YES_ERROR;
				CLANG_WARN_DOCUMENTATION_COMMENTS = YES;
				CLANG_WARN_EMPTY_BODY = YES;
				CLANG_WARN_ENUM_CONVERSION = YES;
				CLANG_WARN_INFINITE_RECURSION = YES;
				CLANG_WARN_INT_CONVERSION = YES;
				CLANG_WARN_OBJC_ROOT_CLASS = YES_ERROR;
				CLANG_WARN_SUSPICIOUS_MOVE = YES;
				CLANG_WARN_UNREACHABLE_CODE = YES;
				CLANG_WARN__DUPLICATE_METHOD_MATCH = YES;
				"CODE_SIGN_IDENTITY[sdk=iphoneos*]" = "iPhone Developer";
				COPY_PHASE_STRIP = NO;
				DEBUG_INFORMATION_FORMAT = dwarf;
				ENABLE_STRICT_OBJC_MSGSEND = YES;
				ENABLE_TESTABILITY = YES;
				GCC_C_LANGUAGE_STANDARD = gnu99;
				GCC_DYNAMIC_NO_PIC = NO;
				GCC_NO_COMMON_BLOCKS = YES;
				GCC_OPTIMIZATION_LEVEL = 0;
				GCC_PREPROCESSOR_DEFINITIONS = (
					"DEBUG=1",
					"$(inherited)",
				);
				GCC_WARN_64_TO_32_BIT_CONVERSION = YES;
				GCC_WARN_ABOUT_RETURN_TYPE = YES_ERROR;
				GCC_WARN_UNDECLARED_SELECTOR = YES;
				GCC_WARN_UNINITIALIZED_AUTOS = YES_AGGRESSIVE;
				GCC_WARN_UNUSED_FUNCTION = YES;
				GCC_WARN_UNUSED_VARIABLE = YES;
				IPHONEOS_DEPLOYMENT_TARGET = 10.1;
				MTL_ENABLE_DEBUG_INFO = YES;
				ONLY_ACTIVE_ARCH = YES;
				SDKROOT = iphoneos;
				SWIFT_ACTIVE_COMPILATION_CONDITIONS = DEBUG;
				SWIFT_OPTIMIZATION_LEVEL = "-Onone";
				TARGETED_DEVICE_FAMILY = "1,2";
			};
			name = Debug;
		};
		52F7B6311E8062D500735A46 /* Release */ = {
			isa = XCBuildConfiguration;
			buildSettings = {
				ALWAYS_SEARCH_USER_PATHS = NO;
				CLANG_ANALYZER_NONNULL = YES;
				CLANG_CXX_LANGUAGE_STANDARD = "gnu++0x";
				CLANG_CXX_LIBRARY = "libc++";
				CLANG_ENABLE_MODULES = YES;
				CLANG_ENABLE_OBJC_ARC = YES;
				CLANG_WARN_BOOL_CONVERSION = YES;
				CLANG_WARN_CONSTANT_CONVERSION = YES;
				CLANG_WARN_DIRECT_OBJC_ISA_USAGE = YES_ERROR;
				CLANG_WARN_DOCUMENTATION_COMMENTS = YES;
				CLANG_WARN_EMPTY_BODY = YES;
				CLANG_WARN_ENUM_CONVERSION = YES;
				CLANG_WARN_INFINITE_RECURSION = YES;
				CLANG_WARN_INT_CONVERSION = YES;
				CLANG_WARN_OBJC_ROOT_CLASS = YES_ERROR;
				CLANG_WARN_SUSPICIOUS_MOVE = YES;
				CLANG_WARN_UNREACHABLE_CODE = YES;
				CLANG_WARN__DUPLICATE_METHOD_MATCH = YES;
				"CODE_SIGN_IDENTITY[sdk=iphoneos*]" = "iPhone Developer";
				COPY_PHASE_STRIP = NO;
				DEBUG_INFORMATION_FORMAT = "dwarf-with-dsym";
				ENABLE_NS_ASSERTIONS = NO;
				ENABLE_STRICT_OBJC_MSGSEND = YES;
				GCC_C_LANGUAGE_STANDARD = gnu99;
				GCC_NO_COMMON_BLOCKS = YES;
				GCC_WARN_64_TO_32_BIT_CONVERSION = YES;
				GCC_WARN_ABOUT_RETURN_TYPE = YES_ERROR;
				GCC_WARN_UNDECLARED_SELECTOR = YES;
				GCC_WARN_UNINITIALIZED_AUTOS = YES_AGGRESSIVE;
				GCC_WARN_UNUSED_FUNCTION = YES;
				GCC_WARN_UNUSED_VARIABLE = YES;
				IPHONEOS_DEPLOYMENT_TARGET = 10.1;
				MTL_ENABLE_DEBUG_INFO = NO;
				SDKROOT = iphoneos;
				SWIFT_OPTIMIZATION_LEVEL = "-Owholemodule";
				TARGETED_DEVICE_FAMILY = "1,2";
				VALIDATE_PRODUCT = YES;
			};
			name = Release;
		};
		52F7B6331E8062D500735A46 /* Debug */ = {
			isa = XCBuildConfiguration;
			buildSettings = {
				ASSETCATALOG_COMPILER_APPICON_NAME = AppIcon;
				DEVELOPMENT_TEAM = 593ZXM85A3;
				INFOPLIST_FILE = "Facebook+Research/Info.plist";
				LD_RUNPATH_SEARCH_PATHS = "$(inherited) @executable_path/Frameworks";
				PRODUCT_BUNDLE_IDENTIFIER = "co.ductran.Pinterest-Research";
				PRODUCT_NAME = "$(TARGET_NAME)";
				SWIFT_VERSION = 4.0;
			};
			name = Debug;
		};
		52F7B6341E8062D500735A46 /* Release */ = {
			isa = XCBuildConfiguration;
			buildSettings = {
				ASSETCATALOG_COMPILER_APPICON_NAME = AppIcon;
				DEVELOPMENT_TEAM = 593ZXM85A3;
				INFOPLIST_FILE = "Facebook+Research/Info.plist";
				LD_RUNPATH_SEARCH_PATHS = "$(inherited) @executable_path/Frameworks";
				PRODUCT_BUNDLE_IDENTIFIER = "co.ductran.Pinterest-Research";
				PRODUCT_NAME = "$(TARGET_NAME)";
				SWIFT_VERSION = 4.0;
			};
			name = Release;
		};
/* End XCBuildConfiguration section */

/* Begin XCConfigurationList section */
		52F7B61B1E8062D500735A46 /* Build configuration list for PBXProject "Pinterest" */ = {
			isa = XCConfigurationList;
			buildConfigurations = (
				52F7B6301E8062D500735A46 /* Debug */,
				52F7B6311E8062D500735A46 /* Release */,
			);
			defaultConfigurationIsVisible = 0;
			defaultConfigurationName = Release;
		};
		52F7B6321E8062D500735A46 /* Build configuration list for PBXNativeTarget "Pinterest" */ = {
			isa = XCConfigurationList;
			buildConfigurations = (
				52F7B6331E8062D500735A46 /* Debug */,
				52F7B6341E8062D500735A46 /* Release */,
			);
			defaultConfigurationIsVisible = 0;
			defaultConfigurationName = Release;
		};
/* End XCConfigurationList section */
	};
	rootObject = 52F7B6181E8062D500735A46 /* Project object */;
}
